
Microsoft Visual Studio Solution File, Format Version 12.00
# Visual Studio Version 17
VisualStudioVersion = 17.4.33213.308
MinimumVisualStudioVersion = 10.0.40219.1
Project("{FAE04EC0-301F-11D3-BF4B-00C04F79EFBC}") = "DjBreaktimer", "DjBreaktimer\DjBreaktimer.csproj", "{75AFFCCC-D7E9-4ED7-831D-A6B62E14744D}"
EndProject
Global
	GlobalSection(SolutionConfigurationPlatforms) = preSolution
		Debug|Any CPU = Debug|Any CPU
		Release|Any CPU = Release|Any CPU
	EndGlobalSection
	GlobalSection(ProjectConfigurationPlatforms) = postSolution
		{75AFFCCC-D7E9-4ED7-831D-A6B62E14744D}.Debug|Any CPU.ActiveCfg = Debug|Any CPU
		{75AFFCCC-D7E9-4ED7-831D-A6B62E14744D}.Debug|Any CPU.Build.0 = Debug|Any CPU
		{75AFFCCC-D7E9-4ED7-831D-A6B62E14744D}.Release|Any CPU.ActiveCfg = Release|Any CPU
		{75AFFCCC-D7E9-4ED7-831D-A6B62E14744D}.Release|Any CPU.Build.0 = Release|Any CPU
	EndGlobalSection
	GlobalSection(SolutionProperties) = preSolution
		HideSolutionNode = FALSE
	EndGlobalSection
	GlobalSection(ExtensibilityGlobals) = postSolution
		SolutionGuid = {ADED12E8-7863-4E0A-BA84-954F903149E3}
	EndGlobalSection
EndGlobal
